// !$*UTF8*$!
{
	archiveVersion = 1;
	classes = {
	};
	objectVersion = 46;
	objects = {

/* Begin PBXBuildFile section */
		7C919D111F1623AB00FEAFB3 /* main.m in Sources */ = {isa = PBXBuildFile; fileRef = 7C919D101F1623AB00FEAFB3 /* main.m */; };
		7C919D141F1623AB00FEAFB3 /* AppDelegate.m in Sources */ = {isa = PBXBuildFile; fileRef = 7C919D131F1623AB00FEAFB3 /* AppDelegate.m */; };
		7C919D171F1623AB00FEAFB3 /* ViewController.m in Sources */ = {isa = PBXBuildFile; fileRef = 7C919D161F1623AB00FEAFB3 /* ViewController.m */; };
		7C919D1A1F1623AB00FEAFB3 /* Main.storyboard in Resources */ = {isa = PBXBuildFile; fileRef = 7C919D181F1623AB00FEAFB3 /* Main.storyboard */; };
		7C919D1C1F1623AB00FEAFB3 /* Assets.xcassets in Resources */ = {isa = PBXBuildFile; fileRef = 7C919D1B1F1623AB00FEAFB3 /* Assets.xcassets */; };
		7C919D1F1F1623AB00FEAFB3 /* LaunchScreen.storyboard in Resources */ = {isa = PBXBuildFile; fileRef = 7C919D1D1F1623AB00FEAFB3 /* LaunchScreen.storyboard */; };
		7C919D281F1628FF00FEAFB3 /* CollectionViewCell.m in Sources */ = {isa = PBXBuildFile; fileRef = 7C919D271F1628FF00FEAFB3 /* CollectionViewCell.m */; };
		7C919D2B1F171D3000FEAFB3 /* YAxisView.m in Sources */ = {isa = PBXBuildFile; fileRef = 7C919D2A1F171D3000FEAFB3 /* YAxisView.m */; };
		C81926D9675C182D2A42EF74 /* libPods-ScrollLineChart.a in Frameworks */ = {isa = PBXBuildFile; fileRef = A32A5FDC40EB6DAB10CE0282 /* libPods-ScrollLineChart.a */; };
/* End PBXBuildFile section */

/* Begin PBXFileReference section */
		35420D45B7E168493A92EB1F /* Pods-ScrollLineChart.debug.xcconfig */ = {isa = PBXFileReference; includeInIndex = 1; lastKnownFileType = text.xcconfig; name = "Pods-ScrollLineChart.debug.xcconfig"; path = "Pods/Target Support Files/Pods-ScrollLineChart/Pods-ScrollLineChart.debug.xcconfig"; sourceTree = "<group>"; };
		7C919D0C1F1623AB00FEAFB3 /* ScrollLineChart.app */ = {isa = PBXFileReference; explicitFileType = wrapper.application; includeInIndex = 0; path = ScrollLineChart.app; sourceTree = BUILT_PRODUCTS_DIR; };
		7C919D101F1623AB00FEAFB3 /* main.m */ = {isa = PBXFileReference; lastKnownFileType = sourcecode.c.objc; path = main.m; sourceTree = "<group>"; };
		7C919D121F1623AB00FEAFB3 /* AppDelegate.h */ = {isa = PBXFileReference; lastKnownFileType = sourcecode.c.h; path = AppDelegate.h; sourceTree = "<group>"; };
		7C919D131F1623AB00FEAFB3 /* AppDelegate.m */ = {isa = PBXFileReference; lastKnownFileType = sourcecode.c.objc; path = AppDelegate.m; sourceTree = "<group>"; };
		7C919D151F1623AB00FEAFB3 /* ViewController.h */ = {isa = PBXFileReference; lastKnownFileType = sourcecode.c.h; path = ViewController.h; sourceTree = "<group>"; };
		7C919D161F1623AB00FEAFB3 /* ViewController.m */ = {isa = PBXFileReference; lastKnownFileType = sourcecode.c.objc; path = ViewController.m; sourceTree = "<group>"; };
		7C919D191F1623AB00FEAFB3 /* Base */ = {isa = PBXFileReference; lastKnownFileType = file.storyboard; name = Base; path = Base.lproj/Main.storyboard; sourceTree = "<group>"; };
		7C919D1B1F1623AB00FEAFB3 /* Assets.xcassets */ = {isa = PBXFileReference; lastKnownFileType = folder.assetcatalog; path = Assets.xcassets; sourceTree = "<group>"; };
		7C919D1E1F1623AB00FEAFB3 /* Base */ = {isa = PBXFileReference; lastKnownFileType = file.storyboard; name = Base; path = Base.lproj/LaunchScreen.storyboard; sourceTree = "<group>"; };
		7C919D201F1623AB00FEAFB3 /* Info.plist */ = {isa = PBXFileReference; lastKnownFileType = text.plist.xml; path = Info.plist; sourceTree = "<group>"; };
		7C919D261F1628FF00FEAFB3 /* CollectionViewCell.h */ = {isa = PBXFileReference; fileEncoding = 4; lastKnownFileType = sourcecode.c.h; path = CollectionViewCell.h; sourceTree = "<group>"; };
		7C919D271F1628FF00FEAFB3 /* CollectionViewCell.m */ = {isa = PBXFileReference; fileEncoding = 4; lastKnownFileType = sourcecode.c.objc; path = CollectionViewCell.m; sourceTree = "<group>"; };
		7C919D291F171D3000FEAFB3 /* YAxisView.h */ = {isa = PBXFileReference; fileEncoding = 4; lastKnownFileType = sourcecode.c.h; path = YAxisView.h; sourceTree = "<group>"; };
		7C919D2A1F171D3000FEAFB3 /* YAxisView.m */ = {isa = PBXFileReference; fileEncoding = 4; lastKnownFileType = sourcecode.c.objc; path = YAxisView.m; sourceTree = "<group>"; };
		A32A5FDC40EB6DAB10CE0282 /* libPods-ScrollLineChart.a */ = {isa = PBXFileReference; explicitFileType = archive.ar; includeInIndex = 0; path = "libPods-ScrollLineChart.a"; sourceTree = BUILT_PRODUCTS_DIR; };
		F5772E78D6D48E61270A2502 /* Pods-ScrollLineChart.release.xcconfig */ = {isa = PBXFileReference; includeInIndex = 1; lastKnownFileType = text.xcconfig; name = "Pods-ScrollLineChart.release.xcconfig"; path = "Pods/Target Support Files/Pods-ScrollLineChart/Pods-ScrollLineChart.release.xcconfig"; sourceTree = "<group>"; };
/* End PBXFileReference section */

/* Begin PBXFrameworksBuildPhase section */
		7C919D091F1623AB00FEAFB3 /* Frameworks */ = {
			isa = PBXFrameworksBuildPhase;
			buildActionMask = 2147483647;
			files = (
				C81926D9675C182D2A42EF74 /* libPods-ScrollLineChart.a in Frameworks */,
			);
			runOnlyForDeploymentPostprocessing = 0;
		};
/* End PBXFrameworksBuildPhase section */

/* Begin PBXGroup section */
		278A939D2D0DB1B1FC4ECB4B /* Pods */ = {
			isa = PBXGroup;
			children = (
				35420D45B7E168493A92EB1F /* Pods-ScrollLineChart.debug.xcconfig */,
				F5772E78D6D48E61270A2502 /* Pods-ScrollLineChart.release.xcconfig */,
			);
			name = Pods;
			sourceTree = "<group>";
		};
		7AABF66A4BB9680DEF88E841 /* Frameworks */ = {
			isa = PBXGroup;
			children = (
				A32A5FDC40EB6DAB10CE0282 /* libPods-ScrollLineChart.a */,
			);
			name = Frameworks;
			sourceTree = "<group>";
		};
		7C919D031F1623AB00FEAFB3 = {
			isa = PBXGroup;
			children = (
				7C919D0E1F1623AB00FEAFB3 /* ScrollLineChart */,
				7C919D0D1F1623AB00FEAFB3 /* Products */,
				278A939D2D0DB1B1FC4ECB4B /* Pods */,
				7AABF66A4BB9680DEF88E841 /* Frameworks */,
			);
			sourceTree = "<group>";
		};
		7C919D0D1F1623AB00FEAFB3 /* Products */ = {
			isa = PBXGroup;
			children = (
				7C919D0C1F1623AB00FEAFB3 /* ScrollLineChart.app */,
			);
			name = Products;
			sourceTree = "<group>";
		};
		7C919D0E1F1623AB00FEAFB3 /* ScrollLineChart */ = {
			isa = PBXGroup;
			children = (
				7C919D121F1623AB00FEAFB3 /* AppDelegate.h */,
				7C919D131F1623AB00FEAFB3 /* AppDelegate.m */,
				7C919D151F1623AB00FEAFB3 /* ViewController.h */,
				7C919D161F1623AB00FEAFB3 /* ViewController.m */,
				7C919D261F1628FF00FEAFB3 /* CollectionViewCell.h */,
				7C919D271F1628FF00FEAFB3 /* CollectionViewCell.m */,
				7C919D291F171D3000FEAFB3 /* YAxisView.h */,
				7C919D2A1F171D3000FEAFB3 /* YAxisView.m */,
				7C919D181F1623AB00FEAFB3 /* Main.storyboard */,
				7C919D1B1F1623AB00FEAFB3 /* Assets.xcassets */,
				7C919D1D1F1623AB00FEAFB3 /* LaunchScreen.storyboard */,
				7C919D201F1623AB00FEAFB3 /* Info.plist */,
				7C919D0F1F1623AB00FEAFB3 /* Supporting Files */,
			);
			path = ScrollLineChart;
			sourceTree = "<group>";
		};
		7C919D0F1F1623AB00FEAFB3 /* Supporting Files */ = {
			isa = PBXGroup;
			children = (
				7C919D101F1623AB00FEAFB3 /* main.m */,
			);
			name = "Supporting Files";
			sourceTree = "<group>";
		};
/* End PBXGroup section */

/* Begin PBXNativeTarget section */
		7C919D0B1F1623AB00FEAFB3 /* ScrollLineChart */ = {
			isa = PBXNativeTarget;
			buildConfigurationList = 7C919D231F1623AB00FEAFB3 /* Build configuration list for PBXNativeTarget "ScrollLineChart" */;
			buildPhases = (
				AF149F319ABAFD6A6866356C /* [CP] Check Pods Manifest.lock */,
				7C919D081F1623AB00FEAFB3 /* Sources */,
				7C919D091F1623AB00FEAFB3 /* Frameworks */,
				7C919D0A1F1623AB00FEAFB3 /* Resources */,
				9F0ADC180BC21AB304735889 /* [CP] Embed Pods Frameworks */,
				6DE4A2B2C709F7492387226E /* [CP] Copy Pods Resources */,
			);
			buildRules = (
			);
			dependencies = (
			);
			name = ScrollLineChart;
			productName = ScrollLineChart;
			productReference = 7C919D0C1F1623AB00FEAFB3 /* ScrollLineChart.app */;
			productType = "com.apple.product-type.application";
		};
/* End PBXNativeTarget section */

/* Begin PBXProject section */
		7C919D041F1623AB00FEAFB3 /* Project object */ = {
			isa = PBXProject;
			attributes = {
				LastUpgradeCheck = 0830;
				ORGANIZATIONNAME = zsq;
				TargetAttributes = {
					7C919D0B1F1623AB00FEAFB3 = {
						CreatedOnToolsVersion = 8.3.2;
						DevelopmentTeam = DL48DH66J5;
						ProvisioningStyle = Automatic;
					};
				};
			};
			buildConfigurationList = 7C919D071F1623AB00FEAFB3 /* Build configuration list for PBXProject "ScrollLineChart" */;
			compatibilityVersion = "Xcode 3.2";
			developmentRegion = English;
			hasScannedForEncodings = 0;
			knownRegions = (
				en,
				Base,
			);
			mainGroup = 7C919D031F1623AB00FEAFB3;
			productRefGroup = 7C919D0D1F1623AB00FEAFB3 /* Products */;
			projectDirPath = "";
			projectRoot = "";
			targets = (
				7C919D0B1F1623AB00FEAFB3 /* ScrollLineChart */,
			);
		};
/* End PBXProject section */

/* Begin PBXResourcesBuildPhase section */
		7C919D0A1F1623AB00FEAFB3 /* Resources */ = {
			isa = PBXResourcesBuildPhase;
			buildActionMask = 2147483647;
			files = (
				7C919D1F1F1623AB00FEAFB3 /* LaunchScreen.storyboard in Resources */,
				7C919D1C1F1623AB00FEAFB3 /* Assets.xcassets in Resources */,
				7C919D1A1F1623AB00FEAFB3 /* Main.storyboard in Resources */,
			);
			runOnlyForDeploymentPostprocessing = 0;
		};
/* End PBXResourcesBuildPhase section */

/* Begin PBXShellScriptBuildPhase section */
		6DE4A2B2C709F7492387226E /* [CP] Copy Pods Resources */ = {
			isa = PBXShellScriptBuildPhase;
			buildActionMask = 2147483647;
			files = (
			);
			inputPaths = (
			);
			name = "[CP] Copy Pods Resources";
			outputPaths = (
			);
			runOnlyForDeploymentPostprocessing = 0;
			shellPath = /bin/sh;
			shellScript = "\"${SRCROOT}/Pods/Target Support Files/Pods-ScrollLineChart/Pods-ScrollLineChart-resources.sh\"\n";
			showEnvVarsInLog = 0;
		};
		9F0ADC180BC21AB304735889 /* [CP] Embed Pods Frameworks */ = {
			isa = PBXShellScriptBuildPhase;
			buildActionMask = 2147483647;
			files = (
			);
			inputPaths = (
			);
			name = "[CP] Embed Pods Frameworks";
			outputPaths = (
			);
			runOnlyForDeploymentPostprocessing = 0;
			shellPath = /bin/sh;
			shellScript = "\"${SRCROOT}/Pods/Target Support Files/Pods-ScrollLineChart/Pods-ScrollLineChart-frameworks.sh\"\n";
			showEnvVarsInLog = 0;
		};
		AF149F319ABAFD6A6866356C /* [CP] Check Pods Manifest.lock */ = {
			isa = PBXShellScriptBuildPhase;
			buildActionMask = 2147483647;
			files = (
			);
			inputPaths = (
			);
			name = "[CP] Check Pods Manifest.lock";
			outputPaths = (
			);
			runOnlyForDeploymentPostprocessing = 0;
			shellPath = /bin/sh;
			shellScript = "diff \"${PODS_ROOT}/../Podfile.lock\" \"${PODS_ROOT}/Manifest.lock\" > /dev/null\nif [ $? != 0 ] ; then\n    # print error to STDERR\n    echo \"error: The sandbox is not in sync with the Podfile.lock. Run 'pod install' or update your CocoaPods installation.\" >&2\n    exit 1\nfi\n";
			showEnvVarsInLog = 0;
		};
/* End PBXShellScriptBuildPhase section */

/* Begin PBXSourcesBuildPhase section */
		7C919D081F1623AB00FEAFB3 /* Sources */ = {
			isa = PBXSourcesBuildPhase;
			buildActionMask = 2147483647;
			files = (
				7C919D2B1F171D3000FEAFB3 /* YAxisView.m in Sources */,
				7C919D171F1623AB00FEAFB3 /* ViewController.m in Sources */,
				7C919D141F1623AB00FEAFB3 /* AppDelegate.m in Sources */,
				7C919D281F1628FF00FEAFB3 /* CollectionViewCell.m in Sources */,
				7C919D111F1623AB00FEAFB3 /* main.m in Sources */,
			);
			runOnlyForDeploymentPostprocessing = 0;
		};
/* End PBXSourcesBuildPhase section */

/* Begin PBXVariantGroup section */
		7C919D181F1623AB00FEAFB3 /* Main.storyboard */ = {
			isa = PBXVariantGroup;
			children = (
				7C919D191F1623AB00FEAFB3 /* Base */,
			);
			name = Main.storyboard;
			sourceTree = "<group>";
		};
		7C919D1D1F1623AB00FEAFB3 /* LaunchScreen.storyboard */ = {
			isa = PBXVariantGroup;
			children = (
				7C919D1E1F1623AB00FEAFB3 /* Base */,
			);
			name = LaunchScreen.storyboard;
			sourceTree = "<group>";
		};
/* End PBXVariantGroup section */

/* Begin XCBuildConfiguration section */
		7C919D211F1623AB00FEAFB3 /* Debug */ = {
			isa = XCBuildConfiguration;
			buildSettings = {
				ALWAYS_SEARCH_USER_PATHS = NO;
				CLANG_ANALYZER_NONNULL = YES;
				CLANG_ANALYZER_NUMBER_OBJECT_CONVERSION = YES_AGGRESSIVE;
				CLANG_CXX_LANGUAGE_STANDARD = "gnu++0x";
				CLANG_CXX_LIBRARY = "libc++";
				CLANG_ENABLE_MODULES = YES;
				CLANG_ENABLE_OBJC_ARC = YES;
				CLANG_WARN_BOOL_CONVERSION = YES;
				CLANG_WARN_CONSTANT_CONVERSION = YES;
				CLANG_WARN_DIRECT_OBJC_ISA_USAGE = YES_ERROR;
				CLANG_WARN_DOCUMENTATION_COMMENTS = YES;
				CLANG_WARN_EMPTY_BODY = YES;
				CLANG_WARN_ENUM_CONVERSION = YES;
				CLANG_WARN_INFINITE_RECURSION = YES;
				CLANG_WARN_INT_CONVERSION = YES;
				CLANG_WARN_OBJC_ROOT_CLASS = YES_ERROR;
				CLANG_WARN_SUSPICIOUS_MOVE = YES;
				CLANG_WARN_UNREACHABLE_CODE = YES;
				CLANG_WARN__DUPLICATE_METHOD_MATCH = YES;
				"CODE_SIGN_IDENTITY[sdk=iphoneos*]" = "iPhone Developer";
				COPY_PHASE_STRIP = NO;
				DEBUG_INFORMATION_FORMAT = dwarf;
				ENABLE_STRICT_OBJC_MSGSEND = YES;
				ENABLE_TESTABILITY = YES;
				GCC_C_LANGUAGE_STANDARD = gnu99;
				GCC_DYNAMIC_NO_PIC = NO;
				GCC_NO_COMMON_BLOCKS = YES;
				GCC_OPTIMIZATION_LEVEL = 0;
				GCC_PREPROCESSOR_DEFINITIONS = (
					"DEBUG=1",
					"$(inherited)",
				);
				GCC_WARN_64_TO_32_BIT_CONVERSION = YES;
				GCC_WARN_ABOUT_RETURN_TYPE = YES_ERROR;
				GCC_WARN_UNDECLARED_SELECTOR = YES;
				GCC_WARN_UNINITIALIZED_AUTOS = YES_AGGRESSIVE;
				GCC_WARN_UNUSED_FUNCTION = YES;
				GCC_WARN_UNUSED_VARIABLE = YES;
				IPHONEOS_DEPLOYMENT_TARGET = 10.3;
				MTL_ENABLE_DEBUG_INFO = YES;
				ONLY_ACTIVE_ARCH = YES;
				SDKROOT = iphoneos;
				TARGETED_DEVICE_FAMILY = "1,2";
			};
			name = Debug;
		};
		7C919D221F1623AB00FEAFB3 /* Release */ = {
			isa = XCBuildConfiguration;
			buildSettings = {
				ALWAYS_SEARCH_USER_PATHS = NO;
				CLANG_ANALYZER_NONNULL = YES;
				CLANG_ANALYZER_NUMBER_OBJECT_CONVERSION = YES_AGGRESSIVE;
				CLANG_CXX_LANGUAGE_STANDARD = "gnu++0x";
				CLANG_CXX_LIBRARY = "libc++";
				CLANG_ENABLE_MODULES = YES;
				CLANG_ENABLE_OBJC_ARC = YES;
				CLANG_WARN_BOOL_CONVERSION = YES;
				CLANG_WARN_CONSTANT_CONVERSION = YES;
				CLANG_WARN_DIRECT_OBJC_ISA_USAGE = YES_ERROR;
				CLANG_WARN_DOCUMENTATION_COMMENTS = YES;
				CLANG_WARN_EMPTY_BODY = YES;
				CLANG_WARN_ENUM_CONVERSION = YES;
				CLANG_WARN_INFINITE_RECURSION = YES;
				CLANG_WARN_INT_CONVERSION = YES;
				CLANG_WARN_OBJC_ROOT_CLASS = YES_ERROR;
				CLANG_WARN_SUSPICIOUS_MOVE = YES;
				CLANG_WARN_UNREACHABLE_CODE = YES;
				CLANG_WARN__DUPLICATE_METHOD_MATCH = YES;
				"CODE_SIGN_IDENTITY[sdk=iphoneos*]" = "iPhone Developer";
				COPY_PHASE_STRIP = NO;
				DEBUG_INFORMATION_FORMAT = "dwarf-with-dsym";
				ENABLE_NS_ASSERTIONS = NO;
				ENABLE_STRICT_OBJC_MSGSEND = YES;
				GCC_C_LANGUAGE_STANDARD = gnu99;
				GCC_NO_COMMON_BLOCKS = YES;
				GCC_WARN_64_TO_32_BIT_CONVERSION = YES;
				GCC_WARN_ABOUT_RETURN_TYPE = YES_ERROR;
				GCC_WARN_UNDECLARED_SELECTOR = YES;
				GCC_WARN_UNINITIALIZED_AUTOS = YES_AGGRESSIVE;
				GCC_WARN_UNUSED_FUNCTION = YES;
				GCC_WARN_UNUSED_VARIABLE = YES;
				IPHONEOS_DEPLOYMENT_TARGET = 10.3;
				MTL_ENABLE_DEBUG_INFO = NO;
				SDKROOT = iphoneos;
				TARGETED_DEVICE_FAMILY = "1,2";
				VALIDATE_PRODUCT = YES;
			};
			name = Release;
		};
		7C919D241F1623AB00FEAFB3 /* Debug */ = {
			isa = XCBuildConfiguration;
			baseConfigurationReference = 35420D45B7E168493A92EB1F /* Pods-ScrollLineChart.debug.xcconfig */;
			buildSettings = {
				ASSETCATALOG_COMPILER_APPICON_NAME = AppIcon;
				DEVELOPMENT_TEAM = DL48DH66J5;
				INFOPLIST_FILE = ScrollLineChart/Info.plist;
				IPHONEOS_DEPLOYMENT_TARGET = 10.2;
				LD_RUNPATH_SEARCH_PATHS = "$(inherited) @executable_path/Frameworks";
				PRODUCT_BUNDLE_IDENTIFIER = com.zsq.ScrollLineChart;
				PRODUCT_NAME = "$(TARGET_NAME)";
			};
			name = Debug;
		};
		7C919D251F1623AB00FEAFB3 /* Release */ = {
			isa = XCBuildConfiguration;
			baseConfigurationReference = F5772E78D6D48E61270A2502 /* Pods-ScrollLineChart.release.xcconfig */;
			buildSettings = {
				ASSETCATALOG_COMPILER_APPICON_NAME = AppIcon;
				DEVELOPMENT_TEAM = DL48DH66J5;
				INFOPLIST_FILE = ScrollLineChart/Info.plist;
				IPHONEOS_DEPLOYMENT_TARGET = 10.2;
				LD_RUNPATH_SEARCH_PATHS = "$(inherited) @executable_path/Frameworks";
				PRODUCT_BUNDLE_IDENTIFIER = com.zsq.ScrollLineChart;
				PRODUCT_NAME = "$(TARGET_NAME)";
			};
			name = Release;
		};
/* End XCBuildConfiguration section */

/* Begin XCConfigurationList section */
		7C919D071F1623AB00FEAFB3 /* Build configuration list for PBXProject "ScrollLineChart" */ = {
			isa = XCConfigurationList;
			buildConfigurations = (
				7C919D211F1623AB00FEAFB3 /* Debug */,
				7C919D221F1623AB00FEAFB3 /* Release */,
			);
			defaultConfigurationIsVisible = 0;
			defaultConfigurationName = Release;
		};
		7C919D231F1623AB00FEAFB3 /* Build configuration list for PBXNativeTarget "ScrollLineChart" */ = {
			isa = XCConfigurationList;
			buildConfigurations = (
				7C919D241F1623AB00FEAFB3 /* Debug */,
				7C919D251F1623AB00FEAFB3 /* Release */,
			);
			defaultConfigurationIsVisible = 0;
			defaultConfigurationName = Release;
		};
/* End XCConfigurationList section */
	};
	rootObject = 7C919D041F1623AB00FEAFB3 /* Project object */;
}
